
Microsoft Visual Studio Solution File, Format Version 12.00
# Visual Studio Version 16
VisualStudioVersion = 16.0.30503.244
MinimumVisualStudioVersion = 10.0.40219.1
Project("{FAE04EC0-301F-11D3-BF4B-00C04F79EFBC}") = "Inhabited", "Inhabited.csproj", "{EF534ED4-D7EA-4980-A85A-D222BD45333E}"
EndProject
Global
	GlobalSection(SolutionConfigurationPlatforms) = preSolution
		Debug|Any CPU = Debug|Any CPU
		Release|Any CPU = Release|Any CPU
	EndGlobalSection
	GlobalSection(ProjectConfigurationPlatforms) = postSolution
		{EF534ED4-D7EA-4980-A85A-D222BD45333E}.Debug|Any CPU.ActiveCfg = Debug|Any CPU
		{EF534ED4-D7EA-4980-A85A-D222BD45333E}.Debug|Any CPU.Build.0 = Debug|Any CPU
		{EF534ED4-D7EA-4980-A85A-D222BD45333E}.Release|Any CPU.ActiveCfg = Release|Any CPU
		{EF534ED4-D7EA-4980-A85A-D222BD45333E}.Release|Any CPU.Build.0 = Release|Any CPU
	EndGlobalSection
	GlobalSection(SolutionProperties) = preSolution
		HideSolutionNode = FALSE
	EndGlobalSection
	GlobalSection(ExtensibilityGlobals) = postSolution
		SolutionGuid = {75B76DAC-81BC-4364-B9C5-48855163FDA3}
	EndGlobalSection
EndGlobal
